
Microsoft Visual Studio Solution File, Format Version 12.00
# Visual Studio Version 16
VisualStudioVersion = 16.0.29806.167
MinimumVisualStudioVersion = 10.0.40219.1
Project("{8BC9CEB8-8B4A-11D0-8D11-00A0C91BC942}") = "CS2C 1", "CS2C 1\CS2C 1.vcxproj", "{2C659018-C889-43DD-874D-958E581121AC}"
EndProject
Global
	GlobalSection(SolutionConfigurationPlatforms) = preSolution
		Debug|x64 = Debug|x64
		Debug|x86 = Debug|x86
		Release|x64 = Release|x64
		Release|x86 = Release|x86
	EndGlobalSection
	GlobalSection(ProjectConfigurationPlatforms) = postSolution
		{2C659018-C889-43DD-874D-958E581121AC}.Debug|x64.ActiveCfg = Debug|x64
		{2C659018-C889-43DD-874D-958E581121AC}.Debug|x64.Build.0 = Debug|x64
		{2C659018-C889-43DD-874D-958E581121AC}.Debug|x86.ActiveCfg = Debug|Win32
		{2C659018-C889-43DD-874D-958E581121AC}.Debug|x86.Build.0 = Debug|Win32
		{2C659018-C889-43DD-874D-958E581121AC}.Release|x64.ActiveCfg = Release|x64
		{2C659018-C889-43DD-874D-958E581121AC}.Release|x64.Build.0 = Release|x64
		{2C659018-C889-43DD-874D-958E581121AC}.Release|x86.ActiveCfg = Release|Win32
		{2C659018-C889-43DD-874D-958E581121AC}.Release|x86.Build.0 = Release|Win32
	EndGlobalSection
	GlobalSection(SolutionProperties) = preSolution
		HideSolutionNode = FALSE
	EndGlobalSection
	GlobalSection(ExtensibilityGlobals) = postSolution
		SolutionGuid = {61B2067F-78BC-45D7-9B0A-3736326214E7}
	EndGlobalSection
EndGlobal
